<?xml version="1.0" encoding="utf-8"?>
<Project ToolsVersion="4.0" xmlns="http://schemas.microsoft.com/developer/msbuild/2003">
  <ItemGroup>
    <ClCompile Include="MassivelyParallel.cpp" />
    <ClCompile Include="GPUMngr.cpp">
      <Filter>GPUMngr</Filter>
    </ClCompile>
    <ClCompile Include="GPUPlatform.cpp">
      <Filter>GPUMngr</Filter>
    </ClCompile>
    <ClCompile Include="GPUDevice.cpp">
      <Filter>GPUMngr</Filter>
    </ClCompile>
    <ClCompile Include="GPUProgram.cpp">
      <Filter>GPUMngr</Filter>
    </ClCompile>
    <ClCompile Include="Utils.cpp">
      <Filter>GPUMngr</Filter>
    </ClCompile>
    <ClCompile Include="GPUKernel.cpp">
      <Filter>GPUMngr</Filter>
    </ClCompile>
    <ClCompile Include="GPUMem.cpp">
      <Filter>GPUMngr</Filter>
    </ClCompile>
    <ClCompile Include="Aufgabe1.cpp">
      <Filter>Aufgabe1</Filter>
    </ClCompile>
    <ClCompile Include="Aufgabe2.cpp">
      <Filter>Aufgabe2</Filter>
    </ClCompile>
  </ItemGroup>
  <ItemGroup>
    <ClInclude Include="GPUMngr.h">
      <Filter>GPUMngr</Filter>
    </ClInclude>
    <ClInclude Include="GPUPlatform.h">
      <Filter>GPUMngr</Filter>
    </ClInclude>
    <ClInclude Include="GPUDevice.h">
      <Filter>GPUMngr</Filter>
    </ClInclude>
    <ClInclude Include="GPUProgram.h">
      <Filter>GPUMngr</Filter>
    </ClInclude>
    <ClInclude Include="Utils.h">
      <Filter>GPUMngr</Filter>
    </ClInclude>
    <ClInclude Include="Dependencies.h">
      <Filter>GPUMngr</Filter>
    </ClInclude>
    <ClInclude Include="HelloWorld_Kernel.cl" />
    <ClInclude Include="GPUKernel.h">
      <Filter>GPUMngr</Filter>
    </ClInclude>
    <ClInclude Include="GPUMem.h">
      <Filter>GPUMngr</Filter>
    </ClInclude>
  </ItemGroup>
  <ItemGroup>
    <Filter Include="GPUMngr">
      <UniqueIdentifier>{1412711d-3f04-4cc6-90e7-3d03728f9087}</UniqueIdentifier>
    </Filter>
    <Filter Include="Aufgabe1">
      <UniqueIdentifier>{6dfcbe1f-4b56-4385-9336-4f48ef194b3e}</UniqueIdentifier>
    </Filter>
    <Filter Include="Aufgabe2">
      <UniqueIdentifier>{3c0c0d5d-fb04-4480-87f2-928c11b4307d}</UniqueIdentifier>
    </Filter>
  </ItemGroup>
  <ItemGroup>
    <None Include="Aufgabe1.cl">
      <Filter>Aufgabe1</Filter>
    </None>
    <None Include="Aufgabe2.cl">
      <Filter>Aufgabe2</Filter>
    </None>
  </ItemGroup>
</Project>